// !$*UTF8*$!
{
	archiveVersion = 1;
	classes = {
	};
	objectVersion = 46;
	objects = {

/* Begin PBXBuildFile section */
		34E73E1319D8E6B300E47A15 /* AppDelegate.swift in Sources */ = {isa = PBXBuildFile; fileRef = 34E73E1219D8E6B300E47A15 /* AppDelegate.swift */; };
		34E73E1519D8E6B300E47A15 /* ViewController.swift in Sources */ = {isa = PBXBuildFile; fileRef = 34E73E1419D8E6B300E47A15 /* ViewController.swift */; };
		34E73E1819D8E6B300E47A15 /* Main.storyboard in Resources */ = {isa = PBXBuildFile; fileRef = 34E73E1619D8E6B300E47A15 /* Main.storyboard */; };
		34E73E1A19D8E6B300E47A15 /* Images.xcassets in Resources */ = {isa = PBXBuildFile; fileRef = 34E73E1919D8E6B300E47A15 /* Images.xcassets */; };
		34E73E1D19D8E6B300E47A15 /* LaunchScreen.xib in Resources */ = {isa = PBXBuildFile; fileRef = 34E73E1B19D8E6B300E47A15 /* LaunchScreen.xib */; };
		34E73E2919D8E6B300E47A15 /* CheckMateTests.swift in Sources */ = {isa = PBXBuildFile; fileRef = 34E73E2819D8E6B300E47A15 /* CheckMateTests.swift */; };
/* End PBXBuildFile section */

/* Begin PBXContainerItemProxy section */
		34E73E2319D8E6B300E47A15 /* PBXContainerItemProxy */ = {
			isa = PBXContainerItemProxy;
			containerPortal = 34E73E0519D8E6B300E47A15 /* Project object */;
			proxyType = 1;
			remoteGlobalIDString = 34E73E0C19D8E6B300E47A15;
			remoteInfo = CheckMate;
		};
/* End PBXContainerItemProxy section */

/* Begin PBXFileReference section */
		34E73E0D19D8E6B300E47A15 /* CheckMate.app */ = {isa = PBXFileReference; explicitFileType = wrapper.application; includeInIndex = 0; path = CheckMate.app; sourceTree = BUILT_PRODUCTS_DIR; };
		34E73E1119D8E6B300E47A15 /* Info.plist */ = {isa = PBXFileReference; lastKnownFileType = text.plist.xml; path = Info.plist; sourceTree = "<group>"; };
		34E73E1219D8E6B300E47A15 /* AppDelegate.swift */ = {isa = PBXFileReference; lastKnownFileType = sourcecode.swift; path = AppDelegate.swift; sourceTree = "<group>"; };
		34E73E1419D8E6B300E47A15 /* ViewController.swift */ = {isa = PBXFileReference; lastKnownFileType = sourcecode.swift; path = ViewController.swift; sourceTree = "<group>"; };
		34E73E1719D8E6B300E47A15 /* Base */ = {isa = PBXFileReference; lastKnownFileType = file.storyboard; name = Base; path = Base.lproj/Main.storyboard; sourceTree = "<group>"; };
		34E73E1919D8E6B300E47A15 /* Images.xcassets */ = {isa = PBXFileReference; lastKnownFileType = folder.assetcatalog; path = Images.xcassets; sourceTree = "<group>"; };
		34E73E1C19D8E6B300E47A15 /* Base */ = {isa = PBXFileReference; lastKnownFileType = file.xib; name = Base; path = Base.lproj/LaunchScreen.xib; sourceTree = "<group>"; };
		34E73E2219D8E6B300E47A15 /* CheckMateTests.xctest */ = {isa = PBXFileReference; explicitFileType = wrapper.cfbundle; includeInIndex = 0; path = CheckMateTests.xctest; sourceTree = BUILT_PRODUCTS_DIR; };
		34E73E2719D8E6B300E47A15 /* Info.plist */ = {isa = PBXFileReference; lastKnownFileType = text.plist.xml; path = Info.plist; sourceTree = "<group>"; };
		34E73E2819D8E6B300E47A15 /* CheckMateTests.swift */ = {isa = PBXFileReference; lastKnownFileType = sourcecode.swift; path = CheckMateTests.swift; sourceTree = "<group>"; };
/* End PBXFileReference section */

/* Begin PBXFrameworksBuildPhase section */
		34E73E0A19D8E6B300E47A15 /* Frameworks */ = {
			isa = PBXFrameworksBuildPhase;
			buildActionMask = 2147483647;
			files = (
			);
			runOnlyForDeploymentPostprocessing = 0;
		};
		34E73E1F19D8E6B300E47A15 /* Frameworks */ = {
			isa = PBXFrameworksBuildPhase;
			buildActionMask = 2147483647;
			files = (
			);
			runOnlyForDeploymentPostprocessing = 0;
		};
/* End PBXFrameworksBuildPhase section */

/* Begin PBXGroup section */
		34E73E0419D8E6B300E47A15 = {
			isa = PBXGroup;
			children = (
				34E73E0F19D8E6B300E47A15 /* CheckMate */,
				34E73E2519D8E6B300E47A15 /* CheckMateTests */,
				34E73E0E19D8E6B300E47A15 /* Products */,
			);
			sourceTree = "<group>";
		};
		34E73E0E19D8E6B300E47A15 /* Products */ = {
			isa = PBXGroup;
			children = (
				34E73E0D19D8E6B300E47A15 /* CheckMate.app */,
				34E73E2219D8E6B300E47A15 /* CheckMateTests.xctest */,
			);
			name = Products;
			sourceTree = "<group>";
		};
		34E73E0F19D8E6B300E47A15 /* CheckMate */ = {
			isa = PBXGroup;
			children = (
				34E73E1219D8E6B300E47A15 /* AppDelegate.swift */,
				34E73E1419D8E6B300E47A15 /* ViewController.swift */,
				34E73E1619D8E6B300E47A15 /* Main.storyboard */,
				34E73E1919D8E6B300E47A15 /* Images.xcassets */,
				34E73E1B19D8E6B300E47A15 /* LaunchScreen.xib */,
				34E73E1019D8E6B300E47A15 /* Supporting Files */,
			);
			path = CheckMate;
			sourceTree = "<group>";
		};
		34E73E1019D8E6B300E47A15 /* Supporting Files */ = {
			isa = PBXGroup;
			children = (
				34E73E1119D8E6B300E47A15 /* Info.plist */,
			);
			name = "Supporting Files";
			sourceTree = "<group>";
		};
		34E73E2519D8E6B300E47A15 /* CheckMateTests */ = {
			isa = PBXGroup;
			children = (
				34E73E2819D8E6B300E47A15 /* CheckMateTests.swift */,
				34E73E2619D8E6B300E47A15 /* Supporting Files */,
			);
			path = CheckMateTests;
			sourceTree = "<group>";
		};
		34E73E2619D8E6B300E47A15 /* Supporting Files */ = {
			isa = PBXGroup;
			children = (
				34E73E2719D8E6B300E47A15 /* Info.plist */,
			);
			name = "Supporting Files";
			sourceTree = "<group>";
		};
/* End PBXGroup section */

/* Begin PBXNativeTarget section */
		34E73E0C19D8E6B300E47A15 /* CheckMate */ = {
			isa = PBXNativeTarget;
			buildConfigurationList = 34E73E2C19D8E6B300E47A15 /* Build configuration list for PBXNativeTarget "CheckMate" */;
			buildPhases = (
				34E73E0919D8E6B300E47A15 /* Sources */,
				34E73E0A19D8E6B300E47A15 /* Frameworks */,
				34E73E0B19D8E6B300E47A15 /* Resources */,
			);
			buildRules = (
			);
			dependencies = (
			);
			name = CheckMate;
			productName = CheckMate;
			productReference = 34E73E0D19D8E6B300E47A15 /* CheckMate.app */;
			productType = "com.apple.product-type.application";
		};
		34E73E2119D8E6B300E47A15 /* CheckMateTests */ = {
			isa = PBXNativeTarget;
			buildConfigurationList = 34E73E2F19D8E6B300E47A15 /* Build configuration list for PBXNativeTarget "CheckMateTests" */;
			buildPhases = (
				34E73E1E19D8E6B300E47A15 /* Sources */,
				34E73E1F19D8E6B300E47A15 /* Frameworks */,
				34E73E2019D8E6B300E47A15 /* Resources */,
			);
			buildRules = (
			);
			dependencies = (
				34E73E2419D8E6B300E47A15 /* PBXTargetDependency */,
			);
			name = CheckMateTests;
			productName = CheckMateTests;
			productReference = 34E73E2219D8E6B300E47A15 /* CheckMateTests.xctest */;
			productType = "com.apple.product-type.bundle.unit-test";
		};
/* End PBXNativeTarget section */

/* Begin PBXProject section */
		34E73E0519D8E6B300E47A15 /* Project object */ = {
			isa = PBXProject;
			attributes = {
				LastUpgradeCheck = 0600;
				ORGANIZATIONNAME = "Matthew Nielsen";
				TargetAttributes = {
					34E73E0C19D8E6B300E47A15 = {
						CreatedOnToolsVersion = 6.0.1;
					};
					34E73E2119D8E6B300E47A15 = {
						CreatedOnToolsVersion = 6.0.1;
						TestTargetID = 34E73E0C19D8E6B300E47A15;
					};
				};
			};
			buildConfigurationList = 34E73E0819D8E6B300E47A15 /* Build configuration list for PBXProject "CheckMate" */;
			compatibilityVersion = "Xcode 3.2";
			developmentRegion = English;
			hasScannedForEncodings = 0;
			knownRegions = (
				en,
				Base,
			);
			mainGroup = 34E73E0419D8E6B300E47A15;
			productRefGroup = 34E73E0E19D8E6B300E47A15 /* Products */;
			projectDirPath = "";
			projectRoot = "";
			targets = (
				34E73E0C19D8E6B300E47A15 /* CheckMate */,
				34E73E2119D8E6B300E47A15 /* CheckMateTests */,
			);
		};
/* End PBXProject section */

/* Begin PBXResourcesBuildPhase section */
		34E73E0B19D8E6B300E47A15 /* Resources */ = {
			isa = PBXResourcesBuildPhase;
			buildActionMask = 2147483647;
			files = (
				34E73E1819D8E6B300E47A15 /* Main.storyboard in Resources */,
				34E73E1D19D8E6B300E47A15 /* LaunchScreen.xib in Resources */,
				34E73E1A19D8E6B300E47A15 /* Images.xcassets in Resources */,
			);
			runOnlyForDeploymentPostprocessing = 0;
		};
		34E73E2019D8E6B300E47A15 /* Resources */ = {
			isa = PBXResourcesBuildPhase;
			buildActionMask = 2147483647;
			files = (
			);
			runOnlyForDeploymentPostprocessing = 0;
		};
/* End PBXResourcesBuildPhase section */

/* Begin PBXSourcesBuildPhase section */
		34E73E0919D8E6B300E47A15 /* Sources */ = {
			isa = PBXSourcesBuildPhase;
			buildActionMask = 2147483647;
			files = (
				34E73E1519D8E6B300E47A15 /* ViewController.swift in Sources */,
				34E73E1319D8E6B300E47A15 /* AppDelegate.swift in Sources */,
			);
			runOnlyForDeploymentPostprocessing = 0;
		};
		34E73E1E19D8E6B300E47A15 /* Sources */ = {
			isa = PBXSourcesBuildPhase;
			buildActionMask = 2147483647;
			files = (
				34E73E2919D8E6B300E47A15 /* CheckMateTests.swift in Sources */,
			);
			runOnlyForDeploymentPostprocessing = 0;
		};
/* End PBXSourcesBuildPhase section */

/* Begin PBXTargetDependency section */
		34E73E2419D8E6B300E47A15 /* PBXTargetDependency */ = {
			isa = PBXTargetDependency;
			target = 34E73E0C19D8E6B300E47A15 /* CheckMate */;
			targetProxy = 34E73E2319D8E6B300E47A15 /* PBXContainerItemProxy */;
		};
/* End PBXTargetDependency section */

/* Begin PBXVariantGroup section */
		34E73E1619D8E6B300E47A15 /* Main.storyboard */ = {
			isa = PBXVariantGroup;
			children = (
				34E73E1719D8E6B300E47A15 /* Base */,
			);
			name = Main.storyboard;
			sourceTree = "<group>";
		};
		34E73E1B19D8E6B300E47A15 /* LaunchScreen.xib */ = {
			isa = PBXVariantGroup;
			children = (
				34E73E1C19D8E6B300E47A15 /* Base */,
			);
			name = LaunchScreen.xib;
			sourceTree = "<group>";
		};
/* End PBXVariantGroup section */

/* Begin XCBuildConfiguration section */
		34E73E2A19D8E6B300E47A15 /* Debug */ = {
			isa = XCBuildConfiguration;
			buildSettings = {
				ALWAYS_SEARCH_USER_PATHS = NO;
				CLANG_CXX_LANGUAGE_STANDARD = "gnu++0x";
				CLANG_CXX_LIBRARY = "libc++";
				CLANG_ENABLE_MODULES = YES;
				CLANG_ENABLE_OBJC_ARC = YES;
				CLANG_WARN_BOOL_CONVERSION = YES;
				CLANG_WARN_CONSTANT_CONVERSION = YES;
				CLANG_WARN_DIRECT_OBJC_ISA_USAGE = YES_ERROR;
				CLANG_WARN_EMPTY_BODY = YES;
				CLANG_WARN_ENUM_CONVERSION = YES;
				CLANG_WARN_INT_CONVERSION = YES;
				CLANG_WARN_OBJC_ROOT_CLASS = YES_ERROR;
				CLANG_WARN_UNREACHABLE_CODE = YES;
				CLANG_WARN__DUPLICATE_METHOD_MATCH = YES;
				"CODE_SIGN_IDENTITY[sdk=iphoneos*]" = "iPhone Developer";
				COPY_PHASE_STRIP = NO;
				ENABLE_STRICT_OBJC_MSGSEND = YES;
				GCC_C_LANGUAGE_STANDARD = gnu99;
				GCC_DYNAMIC_NO_PIC = NO;
				GCC_OPTIMIZATION_LEVEL = 0;
				GCC_PREPROCESSOR_DEFINITIONS = (
					"DEBUG=1",
					"$(inherited)",
				);
				GCC_SYMBOLS_PRIVATE_EXTERN = NO;
				GCC_WARN_64_TO_32_BIT_CONVERSION = YES;
				GCC_WARN_ABOUT_RETURN_TYPE = YES_ERROR;
				GCC_WARN_UNDECLARED_SELECTOR = YES;
				GCC_WARN_UNINITIALIZED_AUTOS = YES_AGGRESSIVE;
				GCC_WARN_UNUSED_FUNCTION = YES;
				GCC_WARN_UNUSED_VARIABLE = YES;
				IPHONEOS_DEPLOYMENT_TARGET = 8.0;
				MTL_ENABLE_DEBUG_INFO = YES;
				ONLY_ACTIVE_ARCH = YES;
				SDKROOT = iphoneos;
				SWIFT_OPTIMIZATION_LEVEL = "-Onone";
			};
			name = Debug;
		};
		34E73E2B19D8E6B300E47A15 /* Release */ = {
			isa = XCBuildConfiguration;
			buildSettings = {
				ALWAYS_SEARCH_USER_PATHS = NO;
				CLANG_CXX_LANGUAGE_STANDARD = "gnu++0x";
				CLANG_CXX_LIBRARY = "libc++";
				CLANG_ENABLE_MODULES = YES;
				CLANG_ENABLE_OBJC_ARC = YES;
				CLANG_WARN_BOOL_CONVERSION = YES;
				CLANG_WARN_CONSTANT_CONVERSION = YES;
				CLANG_WARN_DIRECT_OBJC_ISA_USAGE = YES_ERROR;
				CLANG_WARN_EMPTY_BODY = YES;
				CLANG_WARN_ENUM_CONVERSION = YES;
				CLANG_WARN_INT_CONVERSION = YES;
				CLANG_WARN_OBJC_ROOT_CLASS = YES_ERROR;
				CLANG_WARN_UNREACHABLE_CODE = YES;
				CLANG_WARN__DUPLICATE_METHOD_MATCH = YES;
				"CODE_SIGN_IDENTITY[sdk=iphoneos*]" = "iPhone Developer";
				COPY_PHASE_STRIP = YES;
				ENABLE_NS_ASSERTIONS = NO;
				ENABLE_STRICT_OBJC_MSGSEND = YES;
				GCC_C_LANGUAGE_STANDARD = gnu99;
				GCC_WARN_64_TO_32_BIT_CONVERSION = YES;
				GCC_WARN_ABOUT_RETURN_TYPE = YES_ERROR;
				GCC_WARN_UNDECLARED_SELECTOR = YES;
				GCC_WARN_UNINITIALIZED_AUTOS = YES_AGGRESSIVE;
				GCC_WARN_UNUSED_FUNCTION = YES;
				GCC_WARN_UNUSED_VARIABLE = YES;
				IPHONEOS_DEPLOYMENT_TARGET = 8.0;
				MTL_ENABLE_DEBUG_INFO = NO;
				SDKROOT = iphoneos;
				VALIDATE_PRODUCT = YES;
			};
			name = Release;
		};
		34E73E2D19D8E6B300E47A15 /* Debug */ = {
			isa = XCBuildConfiguration;
			buildSettings = {
				ASSETCATALOG_COMPILER_APPICON_NAME = AppIcon;
				INFOPLIST_FILE = CheckMate/Info.plist;
				LD_RUNPATH_SEARCH_PATHS = "$(inherited) @executable_path/Frameworks";
				PRODUCT_NAME = "$(TARGET_NAME)";
			};
			name = Debug;
		};
		34E73E2E19D8E6B300E47A15 /* Release */ = {
			isa = XCBuildConfiguration;
			buildSettings = {
				ASSETCATALOG_COMPILER_APPICON_NAME = AppIcon;
				INFOPLIST_FILE = CheckMate/Info.plist;
				LD_RUNPATH_SEARCH_PATHS = "$(inherited) @executable_path/Frameworks";
				PRODUCT_NAME = "$(TARGET_NAME)";
			};
			name = Release;
		};
		34E73E3019D8E6B300E47A15 /* Debug */ = {
			isa = XCBuildConfiguration;
			buildSettings = {
				BUNDLE_LOADER = "$(TEST_HOST)";
				FRAMEWORK_SEARCH_PATHS = (
					"$(SDKROOT)/Developer/Library/Frameworks",
					"$(inherited)",
				);
				GCC_PREPROCESSOR_DEFINITIONS = (
					"DEBUG=1",
					"$(inherited)",
				);
				INFOPLIST_FILE = CheckMateTests/Info.plist;
				LD_RUNPATH_SEARCH_PATHS = "$(inherited) @executable_path/Frameworks @loader_path/Frameworks";
				PRODUCT_NAME = "$(TARGET_NAME)";
				TEST_HOST = "$(BUILT_PRODUCTS_DIR)/CheckMate.app/CheckMate";
			};
			name = Debug;
		};
		34E73E3119D8E6B300E47A15 /* Release */ = {
			isa = XCBuildConfiguration;
			buildSettings = {
				BUNDLE_LOADER = "$(TEST_HOST)";
				FRAMEWORK_SEARCH_PATHS = (
					"$(SDKROOT)/Developer/Library/Frameworks",
					"$(inherited)",
				);
				INFOPLIST_FILE = CheckMateTests/Info.plist;
				LD_RUNPATH_SEARCH_PATHS = "$(inherited) @executable_path/Frameworks @loader_path/Frameworks";
				PRODUCT_NAME = "$(TARGET_NAME)";
				TEST_HOST = "$(BUILT_PRODUCTS_DIR)/CheckMate.app/CheckMate";
			};
			name = Release;
		};
/* End XCBuildConfiguration section */

/* Begin XCConfigurationList section */
		34E73E0819D8E6B300E47A15 /* Build configuration list for PBXProject "CheckMate" */ = {
			isa = XCConfigurationList;
			buildConfigurations = (
				34E73E2A19D8E6B300E47A15 /* Debug */,
				34E73E2B19D8E6B300E47A15 /* Release */,
			);
			defaultConfigurationIsVisible = 0;
			defaultConfigurationName = Release;
		};
		34E73E2C19D8E6B300E47A15 /* Build configuration list for PBXNativeTarget "CheckMate" */ = {
			isa = XCConfigurationList;
			buildConfigurations = (
				34E73E2D19D8E6B300E47A15 /* Debug */,
				34E73E2E19D8E6B300E47A15 /* Release */,
			);
			defaultConfigurationIsVisible = 0;
		};
		34E73E2F19D8E6B300E47A15 /* Build configuration list for PBXNativeTarget "CheckMateTests" */ = {
			isa = XCConfigurationList;
			buildConfigurations = (
				34E73E3019D8E6B300E47A15 /* Debug */,
				34E73E3119D8E6B300E47A15 /* Release */,
			);
			defaultConfigurationIsVisible = 0;
		};
/* End XCConfigurationList section */
	};
	rootObject = 34E73E0519D8E6B300E47A15 /* Project object */;
}
